
Microsoft Visual Studio Solution File, Format Version 12.00
# Visual Studio Version 17
VisualStudioVersion = 17.5.002.0
MinimumVisualStudioVersion = 10.0.40219.1
Project("{9A19103F-16F7-4668-BE54-9A1E7A4F7556}") = "desafio-projeto-hotel", "desafio-projeto-hotel.csproj", "{A23C380D-DB71-485C-9465-0CAA6F7EF138}"
EndProject
Global
	GlobalSection(SolutionConfigurationPlatforms) = preSolution
		Debug|Any CPU = Debug|Any CPU
		Release|Any CPU = Release|Any CPU
	EndGlobalSection
	GlobalSection(ProjectConfigurationPlatforms) = postSolution
		{A23C380D-DB71-485C-9465-0CAA6F7EF138}.Debug|Any CPU.ActiveCfg = Debug|Any CPU
		{A23C380D-DB71-485C-9465-0CAA6F7EF138}.Debug|Any CPU.Build.0 = Debug|Any CPU
		{A23C380D-DB71-485C-9465-0CAA6F7EF138}.Release|Any CPU.ActiveCfg = Release|Any CPU
		{A23C380D-DB71-485C-9465-0CAA6F7EF138}.Release|Any CPU.Build.0 = Release|Any CPU
	EndGlobalSection
	GlobalSection(SolutionProperties) = preSolution
		HideSolutionNode = FALSE
	EndGlobalSection
	GlobalSection(ExtensibilityGlobals) = postSolution
		SolutionGuid = {02268291-E666-40C6-99D0-257FA5BF5A48}
	EndGlobalSection
EndGlobal
